
Microsoft Visual Studio Solution File, Format Version 10.00
# Visual Studio 2008
Project("{FAE04EC0-301F-11D3-BF4B-00C04F79EFBC}") = "PushBullet Client", "PushBullet Client\PushBullet Client.csproj", "{915FA6E3-ACCB-4666-83F0-DC989C7B2387}"
EndProject
Global
	GlobalSection(SolutionConfigurationPlatforms) = preSolution
		Debug|Any CPU = Debug|Any CPU
		Release|Any CPU = Release|Any CPU
	EndGlobalSection
	GlobalSection(ProjectConfigurationPlatforms) = postSolution
		{915FA6E3-ACCB-4666-83F0-DC989C7B2387}.Debug|Any CPU.ActiveCfg = Debug|Any CPU
		{915FA6E3-ACCB-4666-83F0-DC989C7B2387}.Debug|Any CPU.Build.0 = Debug|Any CPU
		{915FA6E3-ACCB-4666-83F0-DC989C7B2387}.Release|Any CPU.ActiveCfg = Release|Any CPU
		{915FA6E3-ACCB-4666-83F0-DC989C7B2387}.Release|Any CPU.Build.0 = Release|Any CPU
	EndGlobalSection
	GlobalSection(SolutionProperties) = preSolution
		HideSolutionNode = FALSE
	EndGlobalSection
EndGlobal
